# This file was autogenerated by Stack.
# You should not edit this file by hand.
# For more information, please see the documentation at:
#   https://docs.haskellstack.org/en/stable/lock_files

packages:
- completed:
    commit: 10b3d40f4207b816c9e6aaa74ff3f3019d799224
    git: https://github.com/tusharad/ollama-haskell
    name: ollama-haskell
    pantry-tree:
      sha256: ec0cfc482111d96152f362d1b92eefae7a296942e05bf168c6e0597eb9d88d14
      size: 9524
    version: 0.1.0.0
  original:
    commit: 10b3d40f4207b816c9e6aaa74ff3f3019d799224
    git: https://github.com/tusharad/ollama-haskell
snapshots:
- completed:
    sha256: 31a722458578b1f709b6fe098d9027bbb5c04b4430e7338a5e69707bd3990e5d
    size: 720019
    url: https://raw.githubusercontent.com/commercialhaskell/stackage-snapshots/master/lts/22/35.yaml
  original:
    url: https://raw.githubusercontent.com/commercialhaskell/stackage-snapshots/master/lts/22/35.yaml
